// !$*UTF8*$!
{
	archiveVersion = 1;
	classes = {
	};
	objectVersion = 77;
	objects = {

/* Begin PBXBuildFile section */
		D05E93F82D792B6600F05560 /* FirebaseAnalytics in Frameworks */ = {isa = PBXBuildFile; productRef = D05E93F72D792B6600F05560 /* FirebaseAnalytics */; };
		D05E93FA2D792B6600F05560 /* FirebaseAnalyticsOnDeviceConversion in Frameworks */ = {isa = PBXBuildFile; productRef = D05E93F92D792B6600F05560 /* FirebaseAnalyticsOnDeviceConversion */; };
		D05E93FC2D792B6600F05560 /* FirebaseAnalyticsWithoutAdIdSupport in Frameworks */ = {isa = PBXBuildFile; productRef = D05E93FB2D792B6600F05560 /* FirebaseAnalyticsWithoutAdIdSupport */; };
		D05E93FE2D792B6600F05560 /* FirebaseAppCheck in Frameworks */ = {isa = PBXBuildFile; productRef = D05E93FD2D792B6600F05560 /* FirebaseAppCheck */; };
		D05E94002D792B6600F05560 /* FirebaseAppDistribution-Beta in Frameworks */ = {isa = PBXBuildFile; productRef = D05E93FF2D792B6600F05560 /* FirebaseAppDistribution-Beta */; };
		D05E94032D792B8A00F05560 /* Mixpanel in Frameworks */ = {isa = PBXBuildFile; productRef = D05E94022D792B8A00F05560 /* Mixpanel */; };
		D05E94262D7931B300F05560 /* FirebaseFirestore in Frameworks */ = {isa = PBXBuildFile; productRef = D05E94252D7931B300F05560 /* FirebaseFirestore */; };
		D05E94282D7931D400F05560 /* FirebaseCrashlytics in Frameworks */ = {isa = PBXBuildFile; productRef = D05E94272D7931D400F05560 /* FirebaseCrashlytics */; };
		D05E942A2D7931FB00F05560 /* FirebaseStorage in Frameworks */ = {isa = PBXBuildFile; productRef = D05E94292D7931FB00F05560 /* FirebaseStorage */; };
		D05E942C2D79322E00F05560 /* FirebaseAuth in Frameworks */ = {isa = PBXBuildFile; productRef = D05E942B2D79322E00F05560 /* FirebaseAuth */; };
		D05E948A2D79402500F05560 /* FirebaseDatabase in Frameworks */ = {isa = PBXBuildFile; productRef = D05E94892D79402500F05560 /* FirebaseDatabase */; };
		D05E94922D7941E100F05560 /* WebRTC in Frameworks */ = {isa = PBXBuildFile; productRef = D05E94912D7941E100F05560 /* WebRTC */; };
		D05E976D2D796E1400F05560 /* DateVerseClip.app in Embed App Clips */ = {isa = PBXBuildFile; fileRef = D05E97482D796E1300F05560 /* DateVerseClip.app */; settings = {ATTRIBUTES = (RemoveHeadersOnCopy, ); }; };
		D05E97962D7A03DC00F05560 /* GoogleMaps in Frameworks */ = {isa = PBXBuildFile; productRef = D05E97952D7A03DC00F05560 /* GoogleMaps */; };
		D05E979B2D7A75F900F05560 /* MapboxMaps in Frameworks */ = {isa = PBXBuildFile; productRef = D05E979A2D7A75F900F05560 /* MapboxMaps */; };
		D05E97A82D7AAF1900F05560 /* opencv2.framework in Frameworks */ = {isa = PBXBuildFile; fileRef = D05E97A72D7AAF1900F05560 /* opencv2.framework */; };
		D05E97C32D7B2F7F00F05560 /* FirebaseFunctions in Frameworks */ = {isa = PBXBuildFile; productRef = D05E97C22D7B2F7F00F05560 /* FirebaseFunctions */; };
/* End PBXBuildFile section */

/* Begin PBXContainerItemProxy section */
		D05E975A2D796E1400F05560 /* PBXContainerItemProxy */ = {
			isa = PBXContainerItemProxy;
			containerPortal = D07C58062D789D2E0008DC9D /* Project object */;
			proxyType = 1;
			remoteGlobalIDString = D05E97472D796E1300F05560;
			remoteInfo = DateVerseClip;
		};
		D05E97642D796E1400F05560 /* PBXContainerItemProxy */ = {
			isa = PBXContainerItemProxy;
			containerPortal = D07C58062D789D2E0008DC9D /* Project object */;
			proxyType = 1;
			remoteGlobalIDString = D05E97472D796E1300F05560;
			remoteInfo = DateVerseClip;
		};
		D05E976B2D796E1400F05560 /* PBXContainerItemProxy */ = {
			isa = PBXContainerItemProxy;
			containerPortal = D07C58062D789D2E0008DC9D /* Project object */;
			proxyType = 1;
			remoteGlobalIDString = D05E97472D796E1300F05560;
			remoteInfo = DateVerseClip;
		};
		D07C581F2D789D2F0008DC9D /* PBXContainerItemProxy */ = {
			isa = PBXContainerItemProxy;
			containerPortal = D07C58062D789D2E0008DC9D /* Project object */;
			proxyType = 1;
			remoteGlobalIDString = D07C580D2D789D2E0008DC9D;
			remoteInfo = DateVerse;
		};
		D07C58292D789D2F0008DC9D /* PBXContainerItemProxy */ = {
			isa = PBXContainerItemProxy;
			containerPortal = D07C58062D789D2E0008DC9D /* Project object */;
			proxyType = 1;
			remoteGlobalIDString = D07C580D2D789D2E0008DC9D;
			remoteInfo = DateVerse;
		};
/* End PBXContainerItemProxy section */

/* Begin PBXCopyFilesBuildPhase section */
		D05E97722D796E1400F05560 /* Embed App Clips */ = {
			isa = PBXCopyFilesBuildPhase;
			buildActionMask = 2147483647;
			dstPath = "$(CONTENTS_FOLDER_PATH)/AppClips";
			dstSubfolderSpec = 16;
			files = (
				D05E976D2D796E1400F05560 /* DateVerseClip.app in Embed App Clips */,
			);
			name = "Embed App Clips";
			runOnlyForDeploymentPostprocessing = 0;
		};
/* End PBXCopyFilesBuildPhase section */

/* Begin PBXFileReference section */
		D05E97482D796E1300F05560 /* DateVerseClip.app */ = {isa = PBXFileReference; explicitFileType = wrapper.application; includeInIndex = 0; path = DateVerseClip.app; sourceTree = BUILT_PRODUCTS_DIR; };
		D05E97592D796E1400F05560 /* DateVerseClipTests.xctest */ = {isa = PBXFileReference; explicitFileType = wrapper.cfbundle; includeInIndex = 0; path = DateVerseClipTests.xctest; sourceTree = BUILT_PRODUCTS_DIR; };
		D05E97632D796E1400F05560 /* DateVerseClipUITests.xctest */ = {isa = PBXFileReference; explicitFileType = wrapper.cfbundle; includeInIndex = 0; path = DateVerseClipUITests.xctest; sourceTree = BUILT_PRODUCTS_DIR; };
		D05E97A72D7AAF1900F05560 /* opencv2.framework */ = {isa = PBXFileReference; lastKnownFileType = wrapper.framework; path = opencv2.framework; sourceTree = "<group>"; };
		D07C580E2D789D2E0008DC9D /* DateVerse.app */ = {isa = PBXFileReference; explicitFileType = wrapper.application; includeInIndex = 0; path = DateVerse.app; sourceTree = BUILT_PRODUCTS_DIR; };
		D07C581E2D789D2F0008DC9D /* DateVerseTests.xctest */ = {isa = PBXFileReference; explicitFileType = wrapper.cfbundle; includeInIndex = 0; path = DateVerseTests.xctest; sourceTree = BUILT_PRODUCTS_DIR; };
		D07C58282D789D2F0008DC9D /* DateVerseUITests.xctest */ = {isa = PBXFileReference; explicitFileType = wrapper.cfbundle; includeInIndex = 0; path = DateVerseUITests.xctest; sourceTree = BUILT_PRODUCTS_DIR; };
/* End PBXFileReference section */

/* Begin PBXFileSystemSynchronizedBuildFileExceptionSet section */
		D05E976E2D796E1400F05560 /* Exceptions for "DateVerseClip" folder in "DateVerseClip" target */ = {
			isa = PBXFileSystemSynchronizedBuildFileExceptionSet;
			membershipExceptions = (
				Info.plist,
			);
			target = D05E97472D796E1300F05560 /* DateVerseClip */;
		};
		D05E97982D7A750500F05560 /* Exceptions for "DateVerse" folder in "DateVerse" target */ = {
			isa = PBXFileSystemSynchronizedBuildFileExceptionSet;
			membershipExceptions = (
				Info.plist,
			);
			target = D07C580D2D789D2E0008DC9D /* DateVerse */;
		};
/* End PBXFileSystemSynchronizedBuildFileExceptionSet section */

/* Begin PBXFileSystemSynchronizedRootGroup section */
		D05E93ED2D79275200F05560 /* ARFriendFinder */ = {
			isa = PBXFileSystemSynchronizedRootGroup;
			path = ARFriendFinder;
			sourceTree = "<group>";
		};
		D05E940A2D792D2200F05560 /* AnalyticsRelated */ = {
			isa = PBXFileSystemSynchronizedRootGroup;
			path = AnalyticsRelated;
			sourceTree = "<group>";
		};
		D05E940D2D792EDF00F05560 /* CloudService */ = {
			isa = PBXFileSystemSynchronizedRootGroup;
			path = CloudService;
			sourceTree = "<group>";
		};
		D05E943B2D7939C400F05560 /* LocationRelated */ = {
			isa = PBXFileSystemSynchronizedRootGroup;
			path = LocationRelated;
			sourceTree = "<group>";
		};
		D05E94422D793A2300F05560 /* NotificationRelated */ = {
			isa = PBXFileSystemSynchronizedRootGroup;
			path = NotificationRelated;
			sourceTree = "<group>";
		};
		D05E94452D793A6D00F05560 /* ChatRelated */ = {
			isa = PBXFileSystemSynchronizedRootGroup;
			path = ChatRelated;
			sourceTree = "<group>";
		};
		D05E945F2D793C0700F05560 /* LocalStorageRelated */ = {
			isa = PBXFileSystemSynchronizedRootGroup;
			path = LocalStorageRelated;
			sourceTree = "<group>";
		};
		D05E95632D79433700F05560 /* WebRTCRelated */ = {
			isa = PBXFileSystemSynchronizedRootGroup;
			path = WebRTCRelated;
			sourceTree = "<group>";
		};
		D05E956C2D7943E800F05560 /* ProfileRelated */ = {
			isa = PBXFileSystemSynchronizedRootGroup;
			path = ProfileRelated;
			sourceTree = "<group>";
		};
		D05E973F2D79698E00F05560 /* RippleRelated */ = {
			isa = PBXFileSystemSynchronizedRootGroup;
			path = RippleRelated;
			sourceTree = "<group>";
		};
		D05E97492D796E1300F05560 /* DateVerseClip */ = {
			isa = PBXFileSystemSynchronizedRootGroup;
			exceptions = (
				D05E976E2D796E1400F05560 /* Exceptions for "DateVerseClip" folder in "DateVerseClip" target */,
			);
			path = DateVerseClip;
			sourceTree = "<group>";
		};
		D05E975C2D796E1400F05560 /* DateVerseClipTests */ = {
			isa = PBXFileSystemSynchronizedRootGroup;
			path = DateVerseClipTests;
			sourceTree = "<group>";
		};
		D05E97662D796E1400F05560 /* DateVerseClipUITests */ = {
			isa = PBXFileSystemSynchronizedRootGroup;
			path = DateVerseClipUITests;
			sourceTree = "<group>";
		};
		D05E97792D79AA2800F05560 /* DecentralizedRelated */ = {
			isa = PBXFileSystemSynchronizedRootGroup;
			path = DecentralizedRelated;
			sourceTree = "<group>";
		};
		D05E97A02D7A871100F05560 /* MapboxRelated */ = {
			isa = PBXFileSystemSynchronizedRootGroup;
			path = MapboxRelated;
			sourceTree = "<group>";
		};
		D05E97BF2D7B2F0E00F05560 /* SettingsRelated */ = {
			isa = PBXFileSystemSynchronizedRootGroup;
			path = SettingsRelated;
			sourceTree = "<group>";
		};
		D05E97CE2D7B310E00F05560 /* EditProfileRelated */ = {
			isa = PBXFileSystemSynchronizedRootGroup;
			path = EditProfileRelated;
			sourceTree = "<group>";
		};
		D07C58102D789D2E0008DC9D /* DateVerse */ = {
			isa = PBXFileSystemSynchronizedRootGroup;
			exceptions = (
				D05E97982D7A750500F05560 /* Exceptions for "DateVerse" folder in "DateVerse" target */,
			);
			path = DateVerse;
			sourceTree = "<group>";
		};
		D07C58212D789D2F0008DC9D /* DateVerseTests */ = {
			isa = PBXFileSystemSynchronizedRootGroup;
			path = DateVerseTests;
			sourceTree = "<group>";
		};
		D07C582B2D789D2F0008DC9D /* DateVerseUITests */ = {
			isa = PBXFileSystemSynchronizedRootGroup;
			path = DateVerseUITests;
			sourceTree = "<group>";
		};
/* End PBXFileSystemSynchronizedRootGroup section */

/* Begin PBXFrameworksBuildPhase section */
		D05E97452D796E1300F05560 /* Frameworks */ = {
			isa = PBXFrameworksBuildPhase;
			buildActionMask = 2147483647;
			files = (
			);
			runOnlyForDeploymentPostprocessing = 0;
		};
		D05E97562D796E1400F05560 /* Frameworks */ = {
			isa = PBXFrameworksBuildPhase;
			buildActionMask = 2147483647;
			files = (
			);
			runOnlyForDeploymentPostprocessing = 0;
		};
		D05E97602D796E1400F05560 /* Frameworks */ = {
			isa = PBXFrameworksBuildPhase;
			buildActionMask = 2147483647;
			files = (
			);
			runOnlyForDeploymentPostprocessing = 0;
		};
		D07C580B2D789D2E0008DC9D /* Frameworks */ = {
			isa = PBXFrameworksBuildPhase;
			buildActionMask = 2147483647;
			files = (
				D05E94032D792B8A00F05560 /* Mixpanel in Frameworks */,
				D05E94922D7941E100F05560 /* WebRTC in Frameworks */,
				D05E942C2D79322E00F05560 /* FirebaseAuth in Frameworks */,
				D05E97A82D7AAF1900F05560 /* opencv2.framework in Frameworks */,
				D05E93FE2D792B6600F05560 /* FirebaseAppCheck in Frameworks */,
				D05E942A2D7931FB00F05560 /* FirebaseStorage in Frameworks */,
				D05E93F82D792B6600F05560 /* FirebaseAnalytics in Frameworks */,
				D05E94002D792B6600F05560 /* FirebaseAppDistribution-Beta in Frameworks */,
				D05E93FC2D792B6600F05560 /* FirebaseAnalyticsWithoutAdIdSupport in Frameworks */,
				D05E97962D7A03DC00F05560 /* GoogleMaps in Frameworks */,
				D05E94282D7931D400F05560 /* FirebaseCrashlytics in Frameworks */,
				D05E97C32D7B2F7F00F05560 /* FirebaseFunctions in Frameworks */,
				D05E948A2D79402500F05560 /* FirebaseDatabase in Frameworks */,
				D05E93FA2D792B6600F05560 /* FirebaseAnalyticsOnDeviceConversion in Frameworks */,
				D05E979B2D7A75F900F05560 /* MapboxMaps in Frameworks */,
				D05E94262D7931B300F05560 /* FirebaseFirestore in Frameworks */,
			);
			runOnlyForDeploymentPostprocessing = 0;
		};
		D07C581B2D789D2F0008DC9D /* Frameworks */ = {
			isa = PBXFrameworksBuildPhase;
			buildActionMask = 2147483647;
			files = (
			);
			runOnlyForDeploymentPostprocessing = 0;
		};
		D07C58252D789D2F0008DC9D /* Frameworks */ = {
			isa = PBXFrameworksBuildPhase;
			buildActionMask = 2147483647;
			files = (
			);
			runOnlyForDeploymentPostprocessing = 0;
		};
/* End PBXFrameworksBuildPhase section */

/* Begin PBXGroup section */
		D05E94242D7931B300F05560 /* Frameworks */ = {
			isa = PBXGroup;
			children = (
				D05E97A72D7AAF1900F05560 /* opencv2.framework */,
			);
			name = Frameworks;
			sourceTree = "<group>";
		};
		D07C58052D789D2E0008DC9D = {
			isa = PBXGroup;
			children = (
				D05E940A2D792D2200F05560 /* AnalyticsRelated */,
				D05E93ED2D79275200F05560 /* ARFriendFinder */,
				D05E94452D793A6D00F05560 /* ChatRelated */,
				D05E940D2D792EDF00F05560 /* CloudService */,
				D05E97792D79AA2800F05560 /* DecentralizedRelated */,
				D05E97CE2D7B310E00F05560 /* EditProfileRelated */,
				D05E945F2D793C0700F05560 /* LocalStorageRelated */,
				D05E943B2D7939C400F05560 /* LocationRelated */,
				D05E97A02D7A871100F05560 /* MapboxRelated */,
				D05E94422D793A2300F05560 /* NotificationRelated */,
				D05E956C2D7943E800F05560 /* ProfileRelated */,
				D05E973F2D79698E00F05560 /* RippleRelated */,
				D05E97BF2D7B2F0E00F05560 /* SettingsRelated */,
				D05E95632D79433700F05560 /* WebRTCRelated */,
				D07C58102D789D2E0008DC9D /* DateVerse */,
				D07C58212D789D2F0008DC9D /* DateVerseTests */,
				D07C582B2D789D2F0008DC9D /* DateVerseUITests */,
				D05E97492D796E1300F05560 /* DateVerseClip */,
				D05E975C2D796E1400F05560 /* DateVerseClipTests */,
				D05E97662D796E1400F05560 /* DateVerseClipUITests */,
				D05E94242D7931B300F05560 /* Frameworks */,
				D07C580F2D789D2E0008DC9D /* Products */,
			);
			sourceTree = "<group>";
		};
		D07C580F2D789D2E0008DC9D /* Products */ = {
			isa = PBXGroup;
			children = (
				D07C580E2D789D2E0008DC9D /* DateVerse.app */,
				D07C581E2D789D2F0008DC9D /* DateVerseTests.xctest */,
				D07C58282D789D2F0008DC9D /* DateVerseUITests.xctest */,
				D05E97482D796E1300F05560 /* DateVerseClip.app */,
				D05E97592D796E1400F05560 /* DateVerseClipTests.xctest */,
				D05E97632D796E1400F05560 /* DateVerseClipUITests.xctest */,
			);
			name = Products;
			sourceTree = "<group>";
		};
/* End PBXGroup section */

/* Begin PBXNativeTarget section */
		D05E97472D796E1300F05560 /* DateVerseClip */ = {
			isa = PBXNativeTarget;
			buildConfigurationList = D05E976F2D796E1400F05560 /* Build configuration list for PBXNativeTarget "DateVerseClip" */;
			buildPhases = (
				D05E97442D796E1300F05560 /* Sources */,
				D05E97452D796E1300F05560 /* Frameworks */,
				D05E97462D796E1300F05560 /* Resources */,
			);
			buildRules = (
			);
			dependencies = (
			);
			fileSystemSynchronizedGroups = (
				D05E97492D796E1300F05560 /* DateVerseClip */,
			);
			name = DateVerseClip;
			packageProductDependencies = (
			);
			productName = DateVerseClip;
			productReference = D05E97482D796E1300F05560 /* DateVerseClip.app */;
			productType = "com.apple.product-type.application.on-demand-install-capable";
		};
		D05E97582D796E1400F05560 /* DateVerseClipTests */ = {
			isa = PBXNativeTarget;
			buildConfigurationList = D05E97732D796E1400F05560 /* Build configuration list for PBXNativeTarget "DateVerseClipTests" */;
			buildPhases = (
				D05E97552D796E1400F05560 /* Sources */,
				D05E97562D796E1400F05560 /* Frameworks */,
				D05E97572D796E1400F05560 /* Resources */,
			);
			buildRules = (
			);
			dependencies = (
				D05E975B2D796E1400F05560 /* PBXTargetDependency */,
			);
			fileSystemSynchronizedGroups = (
				D05E975C2D796E1400F05560 /* DateVerseClipTests */,
			);
			name = DateVerseClipTests;
			packageProductDependencies = (
			);
			productName = DateVerseClipTests;
			productReference = D05E97592D796E1400F05560 /* DateVerseClipTests.xctest */;
			productType = "com.apple.product-type.bundle.unit-test";
		};
		D05E97622D796E1400F05560 /* DateVerseClipUITests */ = {
			isa = PBXNativeTarget;
			buildConfigurationList = D05E97762D796E1400F05560 /* Build configuration list for PBXNativeTarget "DateVerseClipUITests" */;
			buildPhases = (
				D05E975F2D796E1400F05560 /* Sources */,
				D05E97602D796E1400F05560 /* Frameworks */,
				D05E97612D796E1400F05560 /* Resources */,
			);
			buildRules = (
			);
			dependencies = (
				D05E97652D796E1400F05560 /* PBXTargetDependency */,
			);
			fileSystemSynchronizedGroups = (
				D05E97662D796E1400F05560 /* DateVerseClipUITests */,
			);
			name = DateVerseClipUITests;
			packageProductDependencies = (
			);
			productName = DateVerseClipUITests;
			productReference = D05E97632D796E1400F05560 /* DateVerseClipUITests.xctest */;
			productType = "com.apple.product-type.bundle.ui-testing";
		};
		D07C580D2D789D2E0008DC9D /* DateVerse */ = {
			isa = PBXNativeTarget;
			buildConfigurationList = D07C58322D789D2F0008DC9D /* Build configuration list for PBXNativeTarget "DateVerse" */;
			buildPhases = (
				D07C580A2D789D2E0008DC9D /* Sources */,
				D07C580B2D789D2E0008DC9D /* Frameworks */,
				D07C580C2D789D2E0008DC9D /* Resources */,
				D05E97722D796E1400F05560 /* Embed App Clips */,
			);
			buildRules = (
			);
			dependencies = (
				D05E976C2D796E1400F05560 /* PBXTargetDependency */,
			);
			fileSystemSynchronizedGroups = (
				D05E93ED2D79275200F05560 /* ARFriendFinder */,
				D05E940A2D792D2200F05560 /* AnalyticsRelated */,
				D05E940D2D792EDF00F05560 /* CloudService */,
				D05E943B2D7939C400F05560 /* LocationRelated */,
				D05E94422D793A2300F05560 /* NotificationRelated */,
				D05E94452D793A6D00F05560 /* ChatRelated */,
				D05E945F2D793C0700F05560 /* LocalStorageRelated */,
				D05E95632D79433700F05560 /* WebRTCRelated */,
				D05E956C2D7943E800F05560 /* ProfileRelated */,
				D05E973F2D79698E00F05560 /* RippleRelated */,
				D05E97792D79AA2800F05560 /* DecentralizedRelated */,
				D05E97A02D7A871100F05560 /* MapboxRelated */,
				D05E97BF2D7B2F0E00F05560 /* SettingsRelated */,
				D05E97CE2D7B310E00F05560 /* EditProfileRelated */,
				D07C58102D789D2E0008DC9D /* DateVerse */,
			);
			name = DateVerse;
			packageProductDependencies = (
				D05E93F72D792B6600F05560 /* FirebaseAnalytics */,
				D05E93F92D792B6600F05560 /* FirebaseAnalyticsOnDeviceConversion */,
				D05E93FB2D792B6600F05560 /* FirebaseAnalyticsWithoutAdIdSupport */,
				D05E93FD2D792B6600F05560 /* FirebaseAppCheck */,
				D05E93FF2D792B6600F05560 /* FirebaseAppDistribution-Beta */,
				D05E94022D792B8A00F05560 /* Mixpanel */,
				D05E94252D7931B300F05560 /* FirebaseFirestore */,
				D05E94272D7931D400F05560 /* FirebaseCrashlytics */,
				D05E94292D7931FB00F05560 /* FirebaseStorage */,
				D05E942B2D79322E00F05560 /* FirebaseAuth */,
				D05E94892D79402500F05560 /* FirebaseDatabase */,
				D05E94912D7941E100F05560 /* WebRTC */,
				D05E97952D7A03DC00F05560 /* GoogleMaps */,
				D05E979A2D7A75F900F05560 /* MapboxMaps */,
				D05E97C22D7B2F7F00F05560 /* FirebaseFunctions */,
			);
			productName = DateVerse;
			productReference = D07C580E2D789D2E0008DC9D /* DateVerse.app */;
			productType = "com.apple.product-type.application";
		};
		D07C581D2D789D2F0008DC9D /* DateVerseTests */ = {
			isa = PBXNativeTarget;
			buildConfigurationList = D07C58352D789D2F0008DC9D /* Build configuration list for PBXNativeTarget "DateVerseTests" */;
			buildPhases = (
				D07C581A2D789D2F0008DC9D /* Sources */,
				D07C581B2D789D2F0008DC9D /* Frameworks */,
				D07C581C2D789D2F0008DC9D /* Resources */,
			);
			buildRules = (
			);
			dependencies = (
				D07C58202D789D2F0008DC9D /* PBXTargetDependency */,
			);
			fileSystemSynchronizedGroups = (
				D07C58212D789D2F0008DC9D /* DateVerseTests */,
			);
			name = DateVerseTests;
			packageProductDependencies = (
			);
			productName = DateVerseTests;
			productReference = D07C581E2D789D2F0008DC9D /* DateVerseTests.xctest */;
			productType = "com.apple.product-type.bundle.unit-test";
		};
		D07C58272D789D2F0008DC9D /* DateVerseUITests */ = {
			isa = PBXNativeTarget;
			buildConfigurationList = D07C58382D789D2F0008DC9D /* Build configuration list for PBXNativeTarget "DateVerseUITests" */;
			buildPhases = (
				D07C58242D789D2F0008DC9D /* Sources */,
				D07C58252D789D2F0008DC9D /* Frameworks */,
				D07C58262D789D2F0008DC9D /* Resources */,
			);
			buildRules = (
			);
			dependencies = (
				D07C582A2D789D2F0008DC9D /* PBXTargetDependency */,
			);
			fileSystemSynchronizedGroups = (
				D07C582B2D789D2F0008DC9D /* DateVerseUITests */,
			);
			name = DateVerseUITests;
			packageProductDependencies = (
			);
			productName = DateVerseUITests;
			productReference = D07C58282D789D2F0008DC9D /* DateVerseUITests.xctest */;
			productType = "com.apple.product-type.bundle.ui-testing";
		};
/* End PBXNativeTarget section */

/* Begin PBXProject section */
		D07C58062D789D2E0008DC9D /* Project object */ = {
			isa = PBXProject;
			attributes = {
				BuildIndependentTargetsInParallel = 1;
				LastSwiftUpdateCheck = 1620;
				LastUpgradeCheck = 1620;
				TargetAttributes = {
					D05E97472D796E1300F05560 = {
						CreatedOnToolsVersion = 16.2;
					};
					D05E97582D796E1400F05560 = {
						CreatedOnToolsVersion = 16.2;
						TestTargetID = D05E97472D796E1300F05560;
					};
					D05E97622D796E1400F05560 = {
						CreatedOnToolsVersion = 16.2;
						TestTargetID = D05E97472D796E1300F05560;
					};
					D07C580D2D789D2E0008DC9D = {
						CreatedOnToolsVersion = 16.2;
						LastSwiftMigration = 1620;
					};
					D07C581D2D789D2F0008DC9D = {
						CreatedOnToolsVersion = 16.2;
						TestTargetID = D07C580D2D789D2E0008DC9D;
					};
					D07C58272D789D2F0008DC9D = {
						CreatedOnToolsVersion = 16.2;
						TestTargetID = D07C580D2D789D2E0008DC9D;
					};
				};
			};
			buildConfigurationList = D07C58092D789D2E0008DC9D /* Build configuration list for PBXProject "DateVerse" */;
			developmentRegion = en;
			hasScannedForEncodings = 0;
			knownRegions = (
				en,
				Base,
			);
			mainGroup = D07C58052D789D2E0008DC9D;
			minimizedProjectReferenceProxies = 1;
			packageReferences = (
				D05E93F62D792B6600F05560 /* XCRemoteSwiftPackageReference "firebase-ios-sdk" */,
				D05E94012D792B8A00F05560 /* XCRemoteSwiftPackageReference "mixpanel-swift" */,
				D05E948E2D79419700F05560 /* XCLocalSwiftPackageReference "WebRTC" */,
				D05E97942D7A03DC00F05560 /* XCRemoteSwiftPackageReference "ios-maps-sdk" */,
				D05E97992D7A75F900F05560 /* XCRemoteSwiftPackageReference "mapbox-maps-ios" */,
			);
			preferredProjectObjectVersion = 77;
			productRefGroup = D07C580F2D789D2E0008DC9D /* Products */;
			projectDirPath = "";
			projectRoot = "";
			targets = (
				D07C580D2D789D2E0008DC9D /* DateVerse */,
				D07C581D2D789D2F0008DC9D /* DateVerseTests */,
				D07C58272D789D2F0008DC9D /* DateVerseUITests */,
				D05E97472D796E1300F05560 /* DateVerseClip */,
				D05E97582D796E1400F05560 /* DateVerseClipTests */,
				D05E97622D796E1400F05560 /* DateVerseClipUITests */,
			);
		};
/* End PBXProject section */

/* Begin PBXResourcesBuildPhase section */
		D05E97462D796E1300F05560 /* Resources */ = {
			isa = PBXResourcesBuildPhase;
			buildActionMask = 2147483647;
			files = (
			);
			runOnlyForDeploymentPostprocessing = 0;
		};
		D05E97572D796E1400F05560 /* Resources */ = {
			isa = PBXResourcesBuildPhase;
			buildActionMask = 2147483647;
			files = (
			);
			runOnlyForDeploymentPostprocessing = 0;
		};
		D05E97612D796E1400F05560 /* Resources */ = {
			isa = PBXResourcesBuildPhase;
			buildActionMask = 2147483647;
			files = (
			);
			runOnlyForDeploymentPostprocessing = 0;
		};
		D07C580C2D789D2E0008DC9D /* Resources */ = {
			isa = PBXResourcesBuildPhase;
			buildActionMask = 2147483647;
			files = (
			);
			runOnlyForDeploymentPostprocessing = 0;
		};
		D07C581C2D789D2F0008DC9D /* Resources */ = {
			isa = PBXResourcesBuildPhase;
			buildActionMask = 2147483647;
			files = (
			);
			runOnlyForDeploymentPostprocessing = 0;
		};
		D07C58262D789D2F0008DC9D /* Resources */ = {
			isa = PBXResourcesBuildPhase;
			buildActionMask = 2147483647;
			files = (
			);
			runOnlyForDeploymentPostprocessing = 0;
		};
/* End PBXResourcesBuildPhase section */

/* Begin PBXSourcesBuildPhase section */
		D05E97442D796E1300F05560 /* Sources */ = {
			isa = PBXSourcesBuildPhase;
			buildActionMask = 2147483647;
			files = (
			);
			runOnlyForDeploymentPostprocessing = 0;
		};
		D05E97552D796E1400F05560 /* Sources */ = {
			isa = PBXSourcesBuildPhase;
			buildActionMask = 2147483647;
			files = (
			);
			runOnlyForDeploymentPostprocessing = 0;
		};
		D05E975F2D796E1400F05560 /* Sources */ = {
			isa = PBXSourcesBuildPhase;
			buildActionMask = 2147483647;
			files = (
			);
			runOnlyForDeploymentPostprocessing = 0;
		};
		D07C580A2D789D2E0008DC9D /* Sources */ = {
			isa = PBXSourcesBuildPhase;
			buildActionMask = 2147483647;
			files = (
			);
			runOnlyForDeploymentPostprocessing = 0;
		};
		D07C581A2D789D2F0008DC9D /* Sources */ = {
			isa = PBXSourcesBuildPhase;
			buildActionMask = 2147483647;
			files = (
			);
			runOnlyForDeploymentPostprocessing = 0;
		};
		D07C58242D789D2F0008DC9D /* Sources */ = {
			isa = PBXSourcesBuildPhase;
			buildActionMask = 2147483647;
			files = (
			);
			runOnlyForDeploymentPostprocessing = 0;
		};
/* End PBXSourcesBuildPhase section */

/* Begin PBXTargetDependency section */
		D05E975B2D796E1400F05560 /* PBXTargetDependency */ = {
			isa = PBXTargetDependency;
			target = D05E97472D796E1300F05560 /* DateVerseClip */;
			targetProxy = D05E975A2D796E1400F05560 /* PBXContainerItemProxy */;
		};
		D05E97652D796E1400F05560 /* PBXTargetDependency */ = {
			isa = PBXTargetDependency;
			target = D05E97472D796E1300F05560 /* DateVerseClip */;
			targetProxy = D05E97642D796E1400F05560 /* PBXContainerItemProxy */;
		};
		D05E976C2D796E1400F05560 /* PBXTargetDependency */ = {
			isa = PBXTargetDependency;
			target = D05E97472D796E1300F05560 /* DateVerseClip */;
			targetProxy = D05E976B2D796E1400F05560 /* PBXContainerItemProxy */;
		};
		D07C58202D789D2F0008DC9D /* PBXTargetDependency */ = {
			isa = PBXTargetDependency;
			target = D07C580D2D789D2E0008DC9D /* DateVerse */;
			targetProxy = D07C581F2D789D2F0008DC9D /* PBXContainerItemProxy */;
		};
		D07C582A2D789D2F0008DC9D /* PBXTargetDependency */ = {
			isa = PBXTargetDependency;
			target = D07C580D2D789D2E0008DC9D /* DateVerse */;
			targetProxy = D07C58292D789D2F0008DC9D /* PBXContainerItemProxy */;
		};
/* End PBXTargetDependency section */

/* Begin XCBuildConfiguration section */
		D05E97702D796E1400F05560 /* Debug */ = {
			isa = XCBuildConfiguration;
			buildSettings = {
				ASSETCATALOG_COMPILER_APPICON_NAME = AppIcon;
				ASSETCATALOG_COMPILER_GLOBAL_ACCENT_COLOR_NAME = AccentColor;
				CODE_SIGN_ENTITLEMENTS = DateVerseClip/DateVerseClip.entitlements;
				CODE_SIGN_STYLE = Automatic;
				CURRENT_PROJECT_VERSION = 1;
				DEVELOPMENT_ASSET_PATHS = "\"DateVerseClip/Preview Content\"";
				DEVELOPMENT_TEAM = 5YGLWU7828;
				ENABLE_PREVIEWS = YES;
				GENERATE_INFOPLIST_FILE = YES;
				INFOPLIST_FILE = DateVerseClip/Info.plist;
				INFOPLIST_KEY_CFBundleDisplayName = DateVerse;
				INFOPLIST_KEY_UIApplicationSceneManifest_Generation = YES;
				INFOPLIST_KEY_UIApplicationSupportsIndirectInputEvents = YES;
				INFOPLIST_KEY_UILaunchScreen_Generation = YES;
				INFOPLIST_KEY_UIRequiredDeviceCapabilities = arkit;
				INFOPLIST_KEY_UISupportedInterfaceOrientations_iPad = "UIInterfaceOrientationPortrait UIInterfaceOrientationPortraitUpsideDown UIInterfaceOrientationLandscapeLeft UIInterfaceOrientationLandscapeRight";
				INFOPLIST_KEY_UISupportedInterfaceOrientations_iPhone = "UIInterfaceOrientationPortrait UIInterfaceOrientationLandscapeLeft UIInterfaceOrientationLandscapeRight";
				LD_RUNPATH_SEARCH_PATHS = (
					"$(inherited)",
					"@executable_path/Frameworks",
				);
				MARKETING_VERSION = 1.0;
				PRODUCT_BUNDLE_IDENTIFIER = steven.studio.DateVerse.Clip;
				PRODUCT_NAME = "$(TARGET_NAME)";
				SWIFT_EMIT_LOC_STRINGS = YES;
				SWIFT_VERSION = 5.0;
				TARGETED_DEVICE_FAMILY = "1,2";
			};
			name = Debug;
		};
		D05E97712D796E1400F05560 /* Release */ = {
			isa = XCBuildConfiguration;
			buildSettings = {
				ASSETCATALOG_COMPILER_APPICON_NAME = AppIcon;
				ASSETCATALOG_COMPILER_GLOBAL_ACCENT_COLOR_NAME = AccentColor;
				CODE_SIGN_ENTITLEMENTS = DateVerseClip/DateVerseClip.entitlements;
				CODE_SIGN_STYLE = Automatic;
				CURRENT_PROJECT_VERSION = 1;
				DEVELOPMENT_ASSET_PATHS = "\"DateVerseClip/Preview Content\"";
				DEVELOPMENT_TEAM = 5YGLWU7828;
				ENABLE_PREVIEWS = YES;
				GENERATE_INFOPLIST_FILE = YES;
				INFOPLIST_FILE = DateVerseClip/Info.plist;
				INFOPLIST_KEY_CFBundleDisplayName = DateVerse;
				INFOPLIST_KEY_UIApplicationSceneManifest_Generation = YES;
				INFOPLIST_KEY_UIApplicationSupportsIndirectInputEvents = YES;
				INFOPLIST_KEY_UILaunchScreen_Generation = YES;
				INFOPLIST_KEY_UIRequiredDeviceCapabilities = arkit;
				INFOPLIST_KEY_UISupportedInterfaceOrientations_iPad = "UIInterfaceOrientationPortrait UIInterfaceOrientationPortraitUpsideDown UIInterfaceOrientationLandscapeLeft UIInterfaceOrientationLandscapeRight";
				INFOPLIST_KEY_UISupportedInterfaceOrientations_iPhone = "UIInterfaceOrientationPortrait UIInterfaceOrientationLandscapeLeft UIInterfaceOrientationLandscapeRight";
				LD_RUNPATH_SEARCH_PATHS = (
					"$(inherited)",
					"@executable_path/Frameworks",
				);
				MARKETING_VERSION = 1.0;
				PRODUCT_BUNDLE_IDENTIFIER = steven.studio.DateVerse.Clip;
				PRODUCT_NAME = "$(TARGET_NAME)";
				SWIFT_EMIT_LOC_STRINGS = YES;
				SWIFT_VERSION = 5.0;
				TARGETED_DEVICE_FAMILY = "1,2";
			};
			name = Release;
		};
		D05E97742D796E1400F05560 /* Debug */ = {
			isa = XCBuildConfiguration;
			buildSettings = {
				BUNDLE_LOADER = "$(TEST_HOST)";
				CODE_SIGN_STYLE = Automatic;
				CURRENT_PROJECT_VERSION = 1;
				DEVELOPMENT_TEAM = 5YGLWU7828;
				GENERATE_INFOPLIST_FILE = YES;
				IPHONEOS_DEPLOYMENT_TARGET = 18.2;
				MARKETING_VERSION = 1.0;
				PRODUCT_BUNDLE_IDENTIFIER = steven.studio.DateVerse.DateVerseClipTests;
				PRODUCT_NAME = "$(TARGET_NAME)";
				SWIFT_EMIT_LOC_STRINGS = NO;
				SWIFT_VERSION = 5.0;
				TARGETED_DEVICE_FAMILY = "1,2";
				TEST_HOST = "$(BUILT_PRODUCTS_DIR)/DateVerseClip.app/$(BUNDLE_EXECUTABLE_FOLDER_PATH)/DateVerseClip";
			};
			name = Debug;
		};
		D05E97752D796E1400F05560 /* Release */ = {
			isa = XCBuildConfiguration;
			buildSettings = {
				BUNDLE_LOADER = "$(TEST_HOST)";
				CODE_SIGN_STYLE = Automatic;
				CURRENT_PROJECT_VERSION = 1;
				DEVELOPMENT_TEAM = 5YGLWU7828;
				GENERATE_INFOPLIST_FILE = YES;
				IPHONEOS_DEPLOYMENT_TARGET = 18.2;
				MARKETING_VERSION = 1.0;
				PRODUCT_BUNDLE_IDENTIFIER = steven.studio.DateVerse.DateVerseClipTests;
				PRODUCT_NAME = "$(TARGET_NAME)";
				SWIFT_EMIT_LOC_STRINGS = NO;
				SWIFT_VERSION = 5.0;
				TARGETED_DEVICE_FAMILY = "1,2";
				TEST_HOST = "$(BUILT_PRODUCTS_DIR)/DateVerseClip.app/$(BUNDLE_EXECUTABLE_FOLDER_PATH)/DateVerseClip";
			};
			name = Release;
		};
		D05E97772D796E1400F05560 /* Debug */ = {
			isa = XCBuildConfiguration;
			buildSettings = {
				CODE_SIGN_STYLE = Automatic;
				CURRENT_PROJECT_VERSION = 1;
				DEVELOPMENT_TEAM = 5YGLWU7828;
				GENERATE_INFOPLIST_FILE = YES;
				MARKETING_VERSION = 1.0;
				PRODUCT_BUNDLE_IDENTIFIER = steven.studio.DateVerse.DateVerseClipUITests;
				PRODUCT_NAME = "$(TARGET_NAME)";
				SWIFT_EMIT_LOC_STRINGS = NO;
				SWIFT_VERSION = 5.0;
				TARGETED_DEVICE_FAMILY = "1,2";
				TEST_TARGET_NAME = DateVerseClip;
			};
			name = Debug;
		};
		D05E97782D796E1400F05560 /* Release */ = {
			isa = XCBuildConfiguration;
			buildSettings = {
				CODE_SIGN_STYLE = Automatic;
				CURRENT_PROJECT_VERSION = 1;
				DEVELOPMENT_TEAM = 5YGLWU7828;
				GENERATE_INFOPLIST_FILE = YES;
				MARKETING_VERSION = 1.0;
				PRODUCT_BUNDLE_IDENTIFIER = steven.studio.DateVerse.DateVerseClipUITests;
				PRODUCT_NAME = "$(TARGET_NAME)";
				SWIFT_EMIT_LOC_STRINGS = NO;
				SWIFT_VERSION = 5.0;
				TARGETED_DEVICE_FAMILY = "1,2";
				TEST_TARGET_NAME = DateVerseClip;
			};
			name = Release;
		};
		D07C58302D789D2F0008DC9D /* Debug */ = {
			isa = XCBuildConfiguration;
			buildSettings = {
				ALWAYS_SEARCH_USER_PATHS = NO;
				ASSETCATALOG_COMPILER_GENERATE_SWIFT_ASSET_SYMBOL_EXTENSIONS = YES;
				CLANG_ANALYZER_NONNULL = YES;
				CLANG_ANALYZER_NUMBER_OBJECT_CONVERSION = YES_AGGRESSIVE;
				CLANG_CXX_LANGUAGE_STANDARD = "gnu++20";
				CLANG_ENABLE_MODULES = YES;
				CLANG_ENABLE_OBJC_ARC = YES;
				CLANG_ENABLE_OBJC_WEAK = YES;
				CLANG_WARN_BLOCK_CAPTURE_AUTORELEASING = YES;
				CLANG_WARN_BOOL_CONVERSION = YES;
				CLANG_WARN_COMMA = YES;
				CLANG_WARN_CONSTANT_CONVERSION = YES;
				CLANG_WARN_DEPRECATED_OBJC_IMPLEMENTATIONS = YES;
				CLANG_WARN_DIRECT_OBJC_ISA_USAGE = YES_ERROR;
				CLANG_WARN_DOCUMENTATION_COMMENTS = YES;
				CLANG_WARN_EMPTY_BODY = YES;
				CLANG_WARN_ENUM_CONVERSION = YES;
				CLANG_WARN_INFINITE_RECURSION = YES;
				CLANG_WARN_INT_CONVERSION = YES;
				CLANG_WARN_NON_LITERAL_NULL_CONVERSION = YES;
				CLANG_WARN_OBJC_IMPLICIT_RETAIN_SELF = YES;
				CLANG_WARN_OBJC_LITERAL_CONVERSION = YES;
				CLANG_WARN_OBJC_ROOT_CLASS = YES_ERROR;
				CLANG_WARN_QUOTED_INCLUDE_IN_FRAMEWORK_HEADER = YES;
				CLANG_WARN_RANGE_LOOP_ANALYSIS = YES;
				CLANG_WARN_STRICT_PROTOTYPES = YES;
				CLANG_WARN_SUSPICIOUS_MOVE = YES;
				CLANG_WARN_UNGUARDED_AVAILABILITY = YES_AGGRESSIVE;
				CLANG_WARN_UNREACHABLE_CODE = YES;
				CLANG_WARN__DUPLICATE_METHOD_MATCH = YES;
				COPY_PHASE_STRIP = NO;
				DEBUG_INFORMATION_FORMAT = dwarf;
				ENABLE_STRICT_OBJC_MSGSEND = YES;
				ENABLE_TESTABILITY = YES;
				ENABLE_USER_SCRIPT_SANDBOXING = YES;
				GCC_C_LANGUAGE_STANDARD = gnu17;
				GCC_DYNAMIC_NO_PIC = NO;
				GCC_NO_COMMON_BLOCKS = YES;
				GCC_OPTIMIZATION_LEVEL = 0;
				GCC_PREPROCESSOR_DEFINITIONS = (
					"DEBUG=1",
					"$(inherited)",
				);
				GCC_WARN_64_TO_32_BIT_CONVERSION = YES;
				GCC_WARN_ABOUT_RETURN_TYPE = YES_ERROR;
				GCC_WARN_UNDECLARED_SELECTOR = YES;
				GCC_WARN_UNINITIALIZED_AUTOS = YES_AGGRESSIVE;
				GCC_WARN_UNUSED_FUNCTION = YES;
				GCC_WARN_UNUSED_VARIABLE = YES;
				IPHONEOS_DEPLOYMENT_TARGET = 18.2;
				LOCALIZATION_PREFERS_STRING_CATALOGS = YES;
				MTL_ENABLE_DEBUG_INFO = INCLUDE_SOURCE;
				MTL_FAST_MATH = YES;
				ONLY_ACTIVE_ARCH = YES;
				SDKROOT = iphoneos;
				SWIFT_ACTIVE_COMPILATION_CONDITIONS = "DEBUG $(inherited)";
				SWIFT_OPTIMIZATION_LEVEL = "-Onone";
			};
			name = Debug;
		};
		D07C58312D789D2F0008DC9D /* Release */ = {
			isa = XCBuildConfiguration;
			buildSettings = {
				ALWAYS_SEARCH_USER_PATHS = NO;
				ASSETCATALOG_COMPILER_GENERATE_SWIFT_ASSET_SYMBOL_EXTENSIONS = YES;
				CLANG_ANALYZER_NONNULL = YES;
				CLANG_ANALYZER_NUMBER_OBJECT_CONVERSION = YES_AGGRESSIVE;
				CLANG_CXX_LANGUAGE_STANDARD = "gnu++20";
				CLANG_ENABLE_MODULES = YES;
				CLANG_ENABLE_OBJC_ARC = YES;
				CLANG_ENABLE_OBJC_WEAK = YES;
				CLANG_WARN_BLOCK_CAPTURE_AUTORELEASING = YES;
				CLANG_WARN_BOOL_CONVERSION = YES;
				CLANG_WARN_COMMA = YES;
				CLANG_WARN_CONSTANT_CONVERSION = YES;
				CLANG_WARN_DEPRECATED_OBJC_IMPLEMENTATIONS = YES;
				CLANG_WARN_DIRECT_OBJC_ISA_USAGE = YES_ERROR;
				CLANG_WARN_DOCUMENTATION_COMMENTS = YES;
				CLANG_WARN_EMPTY_BODY = YES;
				CLANG_WARN_ENUM_CONVERSION = YES;
				CLANG_WARN_INFINITE_RECURSION = YES;
				CLANG_WARN_INT_CONVERSION = YES;
				CLANG_WARN_NON_LITERAL_NULL_CONVERSION = YES;
				CLANG_WARN_OBJC_IMPLICIT_RETAIN_SELF = YES;
				CLANG_WARN_OBJC_LITERAL_CONVERSION = YES;
				CLANG_WARN_OBJC_ROOT_CLASS = YES_ERROR;
				CLANG_WARN_QUOTED_INCLUDE_IN_FRAMEWORK_HEADER = YES;
				CLANG_WARN_RANGE_LOOP_ANALYSIS = YES;
				CLANG_WARN_STRICT_PROTOTYPES = YES;
				CLANG_WARN_SUSPICIOUS_MOVE = YES;
				CLANG_WARN_UNGUARDED_AVAILABILITY = YES_AGGRESSIVE;
				CLANG_WARN_UNREACHABLE_CODE = YES;
				CLANG_WARN__DUPLICATE_METHOD_MATCH = YES;
				COPY_PHASE_STRIP = NO;
				DEBUG_INFORMATION_FORMAT = "dwarf-with-dsym";
				ENABLE_NS_ASSERTIONS = NO;
				ENABLE_STRICT_OBJC_MSGSEND = YES;
				ENABLE_USER_SCRIPT_SANDBOXING = YES;
				GCC_C_LANGUAGE_STANDARD = gnu17;
				GCC_NO_COMMON_BLOCKS = YES;
				GCC_WARN_64_TO_32_BIT_CONVERSION = YES;
				GCC_WARN_ABOUT_RETURN_TYPE = YES_ERROR;
				GCC_WARN_UNDECLARED_SELECTOR = YES;
				GCC_WARN_UNINITIALIZED_AUTOS = YES_AGGRESSIVE;
				GCC_WARN_UNUSED_FUNCTION = YES;
				GCC_WARN_UNUSED_VARIABLE = YES;
				IPHONEOS_DEPLOYMENT_TARGET = 18.2;
				LOCALIZATION_PREFERS_STRING_CATALOGS = YES;
				MTL_ENABLE_DEBUG_INFO = NO;
				MTL_FAST_MATH = YES;
				SDKROOT = iphoneos;
				SWIFT_COMPILATION_MODE = wholemodule;
				VALIDATE_PRODUCT = YES;
			};
			name = Release;
		};
		D07C58332D789D2F0008DC9D /* Debug */ = {
			isa = XCBuildConfiguration;
			buildSettings = {
				ASSETCATALOG_COMPILER_APPICON_NAME = AppIcon;
				ASSETCATALOG_COMPILER_GLOBAL_ACCENT_COLOR_NAME = AccentColor;
				CLANG_ENABLE_MODULES = YES;
				CODE_SIGN_STYLE = Automatic;
				CURRENT_PROJECT_VERSION = 1;
				DEVELOPMENT_ASSET_PATHS = "\"DateVerse/Preview Content\"";
				DEVELOPMENT_TEAM = 5YGLWU7828;
				ENABLE_PREVIEWS = YES;
				FRAMEWORK_SEARCH_PATHS = (
					"$(inherited)",
					"$(PROJECT_DIR)",
				);
				GENERATE_INFOPLIST_FILE = YES;
				INFOPLIST_FILE = DateVerse/Info.plist;
				INFOPLIST_KEY_NSCameraUsageDescription = "";
				INFOPLIST_KEY_NSLocationAlwaysAndWhenInUseUsageDescription = "提供使用者位置以便能夠體驗後台位置功能的範例。";
				INFOPLIST_KEY_NSLocationWhenInUseUsageDescription = "您的精確位置用於計算逐步路線、在地圖上顯示您的位置以及幫助改善地圖。";
				INFOPLIST_KEY_UIApplicationSupportsIndirectInputEvents = YES;
				INFOPLIST_KEY_UILaunchScreen_Generation = YES;
				INFOPLIST_KEY_UIRequiredDeviceCapabilities = arkit;
				INFOPLIST_KEY_UIStatusBarHidden = YES;
				INFOPLIST_KEY_UISupportedInterfaceOrientations_iPad = "UIInterfaceOrientationPortrait UIInterfaceOrientationPortraitUpsideDown UIInterfaceOrientationLandscapeLeft UIInterfaceOrientationLandscapeRight";
				INFOPLIST_KEY_UISupportedInterfaceOrientations_iPhone = "UIInterfaceOrientationPortrait UIInterfaceOrientationLandscapeLeft UIInterfaceOrientationLandscapeRight";
				LD_RUNPATH_SEARCH_PATHS = (
					"$(inherited)",
					"@executable_path/Frameworks",
				);
				MARKETING_VERSION = 1.0;
				PRODUCT_BUNDLE_IDENTIFIER = steven.studio.DateVerse;
				PRODUCT_NAME = "$(TARGET_NAME)";
				SWIFT_EMIT_LOC_STRINGS = YES;
				SWIFT_OBJC_BRIDGING_HEADER = "DateVerse/DateVerse-Bridging-Header.h";
				SWIFT_OPTIMIZATION_LEVEL = "-Onone";
				SWIFT_VERSION = 5.0;
				TARGETED_DEVICE_FAMILY = "1,2";
			};
			name = Debug;
		};
		D07C58342D789D2F0008DC9D /* Release */ = {
			isa = XCBuildConfiguration;
			buildSettings = {
				ASSETCATALOG_COMPILER_APPICON_NAME = AppIcon;
				ASSETCATALOG_COMPILER_GLOBAL_ACCENT_COLOR_NAME = AccentColor;
				CLANG_ENABLE_MODULES = YES;
				CODE_SIGN_STYLE = Automatic;
				CURRENT_PROJECT_VERSION = 1;
				DEVELOPMENT_ASSET_PATHS = "\"DateVerse/Preview Content\"";
				DEVELOPMENT_TEAM = 5YGLWU7828;
				ENABLE_PREVIEWS = YES;
				FRAMEWORK_SEARCH_PATHS = (
					"$(inherited)",
					"$(PROJECT_DIR)",
				);
				GENERATE_INFOPLIST_FILE = YES;
				INFOPLIST_FILE = DateVerse/Info.plist;
				INFOPLIST_KEY_NSCameraUsageDescription = "";
				INFOPLIST_KEY_NSLocationAlwaysAndWhenInUseUsageDescription = "提供使用者位置以便能夠體驗後台位置功能的範例。";
				INFOPLIST_KEY_NSLocationWhenInUseUsageDescription = "您的精確位置用於計算逐步路線、在地圖上顯示您的位置以及幫助改善地圖。";
				INFOPLIST_KEY_UIApplicationSupportsIndirectInputEvents = YES;
				INFOPLIST_KEY_UILaunchScreen_Generation = YES;
				INFOPLIST_KEY_UIRequiredDeviceCapabilities = arkit;
				INFOPLIST_KEY_UIStatusBarHidden = YES;
				INFOPLIST_KEY_UISupportedInterfaceOrientations_iPad = "UIInterfaceOrientationPortrait UIInterfaceOrientationPortraitUpsideDown UIInterfaceOrientationLandscapeLeft UIInterfaceOrientationLandscapeRight";
				INFOPLIST_KEY_UISupportedInterfaceOrientations_iPhone = "UIInterfaceOrientationPortrait UIInterfaceOrientationLandscapeLeft UIInterfaceOrientationLandscapeRight";
				LD_RUNPATH_SEARCH_PATHS = (
					"$(inherited)",
					"@executable_path/Frameworks",
				);
				MARKETING_VERSION = 1.0;
				PRODUCT_BUNDLE_IDENTIFIER = steven.studio.DateVerse;
				PRODUCT_NAME = "$(TARGET_NAME)";
				SWIFT_EMIT_LOC_STRINGS = YES;
				SWIFT_OBJC_BRIDGING_HEADER = "DateVerse/DateVerse-Bridging-Header.h";
				SWIFT_VERSION = 5.0;
				TARGETED_DEVICE_FAMILY = "1,2";
			};
			name = Release;
		};
		D07C58362D789D2F0008DC9D /* Debug */ = {
			isa = XCBuildConfiguration;
			buildSettings = {
				BUNDLE_LOADER = "$(TEST_HOST)";
				CODE_SIGN_STYLE = Automatic;
				CURRENT_PROJECT_VERSION = 1;
				DEVELOPMENT_TEAM = 5YGLWU7828;
				GENERATE_INFOPLIST_FILE = YES;
				IPHONEOS_DEPLOYMENT_TARGET = 18.2;
				MARKETING_VERSION = 1.0;
				PRODUCT_BUNDLE_IDENTIFIER = steven.studio.DateVerseTests;
				PRODUCT_NAME = "$(TARGET_NAME)";
				SWIFT_EMIT_LOC_STRINGS = NO;
				SWIFT_VERSION = 5.0;
				TARGETED_DEVICE_FAMILY = "1,2";
				TEST_HOST = "$(BUILT_PRODUCTS_DIR)/DateVerse.app/$(BUNDLE_EXECUTABLE_FOLDER_PATH)/DateVerse";
			};
			name = Debug;
		};
		D07C58372D789D2F0008DC9D /* Release */ = {
			isa = XCBuildConfiguration;
			buildSettings = {
				BUNDLE_LOADER = "$(TEST_HOST)";
				CODE_SIGN_STYLE = Automatic;
				CURRENT_PROJECT_VERSION = 1;
				DEVELOPMENT_TEAM = 5YGLWU7828;
				GENERATE_INFOPLIST_FILE = YES;
				IPHONEOS_DEPLOYMENT_TARGET = 18.2;
				MARKETING_VERSION = 1.0;
				PRODUCT_BUNDLE_IDENTIFIER = steven.studio.DateVerseTests;
				PRODUCT_NAME = "$(TARGET_NAME)";
				SWIFT_EMIT_LOC_STRINGS = NO;
				SWIFT_VERSION = 5.0;
				TARGETED_DEVICE_FAMILY = "1,2";
				TEST_HOST = "$(BUILT_PRODUCTS_DIR)/DateVerse.app/$(BUNDLE_EXECUTABLE_FOLDER_PATH)/DateVerse";
			};
			name = Release;
		};
		D07C58392D789D2F0008DC9D /* Debug */ = {
			isa = XCBuildConfiguration;
			buildSettings = {
				CODE_SIGN_STYLE = Automatic;
				CURRENT_PROJECT_VERSION = 1;
				DEVELOPMENT_TEAM = 5YGLWU7828;
				GENERATE_INFOPLIST_FILE = YES;
				MARKETING_VERSION = 1.0;
				PRODUCT_BUNDLE_IDENTIFIER = steven.studio.DateVerseUITests;
				PRODUCT_NAME = "$(TARGET_NAME)";
				SWIFT_EMIT_LOC_STRINGS = NO;
				SWIFT_VERSION = 5.0;
				TARGETED_DEVICE_FAMILY = "1,2";
				TEST_TARGET_NAME = DateVerse;
			};
			name = Debug;
		};
		D07C583A2D789D2F0008DC9D /* Release */ = {
			isa = XCBuildConfiguration;
			buildSettings = {
				CODE_SIGN_STYLE = Automatic;
				CURRENT_PROJECT_VERSION = 1;
				DEVELOPMENT_TEAM = 5YGLWU7828;
				GENERATE_INFOPLIST_FILE = YES;
				MARKETING_VERSION = 1.0;
				PRODUCT_BUNDLE_IDENTIFIER = steven.studio.DateVerseUITests;
				PRODUCT_NAME = "$(TARGET_NAME)";
				SWIFT_EMIT_LOC_STRINGS = NO;
				SWIFT_VERSION = 5.0;
				TARGETED_DEVICE_FAMILY = "1,2";
				TEST_TARGET_NAME = DateVerse;
			};
			name = Release;
		};
/* End XCBuildConfiguration section */

/* Begin XCConfigurationList section */
		D05E976F2D796E1400F05560 /* Build configuration list for PBXNativeTarget "DateVerseClip" */ = {
			isa = XCConfigurationList;
			buildConfigurations = (
				D05E97702D796E1400F05560 /* Debug */,
				D05E97712D796E1400F05560 /* Release */,
			);
			defaultConfigurationIsVisible = 0;
			defaultConfigurationName = Release;
		};
		D05E97732D796E1400F05560 /* Build configuration list for PBXNativeTarget "DateVerseClipTests" */ = {
			isa = XCConfigurationList;
			buildConfigurations = (
				D05E97742D796E1400F05560 /* Debug */,
				D05E97752D796E1400F05560 /* Release */,
			);
			defaultConfigurationIsVisible = 0;
			defaultConfigurationName = Release;
		};
		D05E97762D796E1400F05560 /* Build configuration list for PBXNativeTarget "DateVerseClipUITests" */ = {
			isa = XCConfigurationList;
			buildConfigurations = (
				D05E97772D796E1400F05560 /* Debug */,
				D05E97782D796E1400F05560 /* Release */,
			);
			defaultConfigurationIsVisible = 0;
			defaultConfigurationName = Release;
		};
		D07C58092D789D2E0008DC9D /* Build configuration list for PBXProject "DateVerse" */ = {
			isa = XCConfigurationList;
			buildConfigurations = (
				D07C58302D789D2F0008DC9D /* Debug */,
				D07C58312D789D2F0008DC9D /* Release */,
			);
			defaultConfigurationIsVisible = 0;
			defaultConfigurationName = Release;
		};
		D07C58322D789D2F0008DC9D /* Build configuration list for PBXNativeTarget "DateVerse" */ = {
			isa = XCConfigurationList;
			buildConfigurations = (
				D07C58332D789D2F0008DC9D /* Debug */,
				D07C58342D789D2F0008DC9D /* Release */,
			);
			defaultConfigurationIsVisible = 0;
			defaultConfigurationName = Release;
		};
		D07C58352D789D2F0008DC9D /* Build configuration list for PBXNativeTarget "DateVerseTests" */ = {
			isa = XCConfigurationList;
			buildConfigurations = (
				D07C58362D789D2F0008DC9D /* Debug */,
				D07C58372D789D2F0008DC9D /* Release */,
			);
			defaultConfigurationIsVisible = 0;
			defaultConfigurationName = Release;
		};
		D07C58382D789D2F0008DC9D /* Build configuration list for PBXNativeTarget "DateVerseUITests" */ = {
			isa = XCConfigurationList;
			buildConfigurations = (
				D07C58392D789D2F0008DC9D /* Debug */,
				D07C583A2D789D2F0008DC9D /* Release */,
			);
			defaultConfigurationIsVisible = 0;
			defaultConfigurationName = Release;
		};
/* End XCConfigurationList section */

/* Begin XCLocalSwiftPackageReference section */
		D05E948E2D79419700F05560 /* XCLocalSwiftPackageReference "WebRTC" */ = {
			isa = XCLocalSwiftPackageReference;
			relativePath = WebRTC;
		};
/* End XCLocalSwiftPackageReference section */

/* Begin XCRemoteSwiftPackageReference section */
		D05E93F62D792B6600F05560 /* XCRemoteSwiftPackageReference "firebase-ios-sdk" */ = {
			isa = XCRemoteSwiftPackageReference;
			repositoryURL = "https://github.com/firebase/firebase-ios-sdk.git";
			requirement = {
				kind = upToNextMajorVersion;
				minimumVersion = 11.9.0;
			};
		};
		D05E94012D792B8A00F05560 /* XCRemoteSwiftPackageReference "mixpanel-swift" */ = {
			isa = XCRemoteSwiftPackageReference;
			repositoryURL = "https://github.com/mixpanel/mixpanel-swift";
			requirement = {
				branch = master;
				kind = branch;
			};
		};
		D05E97942D7A03DC00F05560 /* XCRemoteSwiftPackageReference "ios-maps-sdk" */ = {
			isa = XCRemoteSwiftPackageReference;
			repositoryURL = "https://github.com/googlemaps/ios-maps-sdk.git";
			requirement = {
				kind = upToNextMajorVersion;
				minimumVersion = 9.3.0;
			};
		};
		D05E97992D7A75F900F05560 /* XCRemoteSwiftPackageReference "mapbox-maps-ios" */ = {
			isa = XCRemoteSwiftPackageReference;
			repositoryURL = "https://github.com/mapbox/mapbox-maps-ios.git";
			requirement = {
				branch = main;
				kind = branch;
			};
		};
/* End XCRemoteSwiftPackageReference section */

/* Begin XCSwiftPackageProductDependency section */
		D05E93F72D792B6600F05560 /* FirebaseAnalytics */ = {
			isa = XCSwiftPackageProductDependency;
			package = D05E93F62D792B6600F05560 /* XCRemoteSwiftPackageReference "firebase-ios-sdk" */;
			productName = FirebaseAnalytics;
		};
		D05E93F92D792B6600F05560 /* FirebaseAnalyticsOnDeviceConversion */ = {
			isa = XCSwiftPackageProductDependency;
			package = D05E93F62D792B6600F05560 /* XCRemoteSwiftPackageReference "firebase-ios-sdk" */;
			productName = FirebaseAnalyticsOnDeviceConversion;
		};
		D05E93FB2D792B6600F05560 /* FirebaseAnalyticsWithoutAdIdSupport */ = {
			isa = XCSwiftPackageProductDependency;
			package = D05E93F62D792B6600F05560 /* XCRemoteSwiftPackageReference "firebase-ios-sdk" */;
			productName = FirebaseAnalyticsWithoutAdIdSupport;
		};
		D05E93FD2D792B6600F05560 /* FirebaseAppCheck */ = {
			isa = XCSwiftPackageProductDependency;
			package = D05E93F62D792B6600F05560 /* XCRemoteSwiftPackageReference "firebase-ios-sdk" */;
			productName = FirebaseAppCheck;
		};
		D05E93FF2D792B6600F05560 /* FirebaseAppDistribution-Beta */ = {
			isa = XCSwiftPackageProductDependency;
			package = D05E93F62D792B6600F05560 /* XCRemoteSwiftPackageReference "firebase-ios-sdk" */;
			productName = "FirebaseAppDistribution-Beta";
		};
		D05E94022D792B8A00F05560 /* Mixpanel */ = {
			isa = XCSwiftPackageProductDependency;
			package = D05E94012D792B8A00F05560 /* XCRemoteSwiftPackageReference "mixpanel-swift" */;
			productName = Mixpanel;
		};
		D05E94252D7931B300F05560 /* FirebaseFirestore */ = {
			isa = XCSwiftPackageProductDependency;
			package = D05E93F62D792B6600F05560 /* XCRemoteSwiftPackageReference "firebase-ios-sdk" */;
			productName = FirebaseFirestore;
		};
		D05E94272D7931D400F05560 /* FirebaseCrashlytics */ = {
			isa = XCSwiftPackageProductDependency;
			package = D05E93F62D792B6600F05560 /* XCRemoteSwiftPackageReference "firebase-ios-sdk" */;
			productName = FirebaseCrashlytics;
		};
		D05E94292D7931FB00F05560 /* FirebaseStorage */ = {
			isa = XCSwiftPackageProductDependency;
			package = D05E93F62D792B6600F05560 /* XCRemoteSwiftPackageReference "firebase-ios-sdk" */;
			productName = FirebaseStorage;
		};
		D05E942B2D79322E00F05560 /* FirebaseAuth */ = {
			isa = XCSwiftPackageProductDependency;
			package = D05E93F62D792B6600F05560 /* XCRemoteSwiftPackageReference "firebase-ios-sdk" */;
			productName = FirebaseAuth;
		};
		D05E94892D79402500F05560 /* FirebaseDatabase */ = {
			isa = XCSwiftPackageProductDependency;
			package = D05E93F62D792B6600F05560 /* XCRemoteSwiftPackageReference "firebase-ios-sdk" */;
			productName = FirebaseDatabase;
		};
		D05E94912D7941E100F05560 /* WebRTC */ = {
			isa = XCSwiftPackageProductDependency;
			package = D05E948E2D79419700F05560 /* XCLocalSwiftPackageReference "WebRTC" */;
			productName = WebRTC;
		};
		D05E97952D7A03DC00F05560 /* GoogleMaps */ = {
			isa = XCSwiftPackageProductDependency;
			package = D05E97942D7A03DC00F05560 /* XCRemoteSwiftPackageReference "ios-maps-sdk" */;
			productName = GoogleMaps;
		};
		D05E979A2D7A75F900F05560 /* MapboxMaps */ = {
			isa = XCSwiftPackageProductDependency;
			package = D05E97992D7A75F900F05560 /* XCRemoteSwiftPackageReference "mapbox-maps-ios" */;
			productName = MapboxMaps;
		};
		D05E97C22D7B2F7F00F05560 /* FirebaseFunctions */ = {
			isa = XCSwiftPackageProductDependency;
			package = D05E93F62D792B6600F05560 /* XCRemoteSwiftPackageReference "firebase-ios-sdk" */;
			productName = FirebaseFunctions;
		};
/* End XCSwiftPackageProductDependency section */
	};
	rootObject = D07C58062D789D2E0008DC9D /* Project object */;
}
